
Microsoft Visual Studio Solution File, Format Version 12.00
# Visual Studio 14
VisualStudioVersion = 14.0.24720.0
MinimumVisualStudioVersion = 10.0.40219.1
Project("{8BC9CEB8-8B4A-11D0-8D11-00A0C91BC942}") = "Native", "SampleLlilum\Native\Native.vcxproj", "{154B6A4C-E925-40F3-9C16-620F216F9117}"
EndProject
Project("{FAE04EC0-301F-11D3-BF4B-00C04F79EFBC}") = "Managed", "SampleLlilum\Managed\Managed.csproj", "{9B90E494-55FA-4EB8-AD45-17743C6AF5E6}"
EndProject
Global
	GlobalSection(SolutionConfigurationPlatforms) = preSolution
		Debug|Any CPU = Debug|Any CPU
		Debug|ARM = Debug|ARM
		Release|Any CPU = Release|Any CPU
		Release|ARM = Release|ARM
	EndGlobalSection
	GlobalSection(ProjectConfigurationPlatforms) = postSolution
		{154B6A4C-E925-40F3-9C16-620F216F9117}.Debug|Any CPU.ActiveCfg = Debug|ARM
		{154B6A4C-E925-40F3-9C16-620F216F9117}.Debug|ARM.ActiveCfg = Debug|ARM
		{154B6A4C-E925-40F3-9C16-620F216F9117}.Debug|ARM.Build.0 = Debug|ARM
		{154B6A4C-E925-40F3-9C16-620F216F9117}.Debug|ARM.Deploy.0 = Debug|ARM
		{154B6A4C-E925-40F3-9C16-620F216F9117}.Release|Any CPU.ActiveCfg = Release|ARM
		{154B6A4C-E925-40F3-9C16-620F216F9117}.Release|ARM.ActiveCfg = Release|ARM
		{154B6A4C-E925-40F3-9C16-620F216F9117}.Release|ARM.Build.0 = Release|ARM
		{154B6A4C-E925-40F3-9C16-620F216F9117}.Release|ARM.Deploy.0 = Release|ARM
		{9B90E494-55FA-4EB8-AD45-17743C6AF5E6}.Debug|Any CPU.ActiveCfg = Debug|Any CPU
		{9B90E494-55FA-4EB8-AD45-17743C6AF5E6}.Debug|Any CPU.Build.0 = Debug|Any CPU
		{9B90E494-55FA-4EB8-AD45-17743C6AF5E6}.Debug|ARM.ActiveCfg = Debug|Any CPU
		{9B90E494-55FA-4EB8-AD45-17743C6AF5E6}.Debug|ARM.Build.0 = Debug|Any CPU
		{9B90E494-55FA-4EB8-AD45-17743C6AF5E6}.Release|Any CPU.ActiveCfg = Release|Any CPU
		{9B90E494-55FA-4EB8-AD45-17743C6AF5E6}.Release|Any CPU.Build.0 = Release|Any CPU
		{9B90E494-55FA-4EB8-AD45-17743C6AF5E6}.Release|ARM.ActiveCfg = Release|Any CPU
		{9B90E494-55FA-4EB8-AD45-17743C6AF5E6}.Release|ARM.Build.0 = Release|Any CPU
	EndGlobalSection
	GlobalSection(SolutionProperties) = preSolution
		HideSolutionNode = FALSE
	EndGlobalSection
EndGlobal
